
Microsoft Visual Studio Solution File, Format Version 12.00
# Visual Studio Version 17
VisualStudioVersion = 17.5.33209.295
MinimumVisualStudioVersion = 10.0.40219.1
Project("{FAE04EC0-301F-11D3-BF4B-00C04F79EFBC}") = "WpfApp", "WpfApp\WpfApp.csproj", "{BFB0CE0E-FF99-49DE-9D3D-464422FA3A6C}"
EndProject
Global
	GlobalSection(SolutionConfigurationPlatforms) = preSolution
		Debug|Any CPU = Debug|Any CPU
		Release|Any CPU = Release|Any CPU
	EndGlobalSection
	GlobalSection(ProjectConfigurationPlatforms) = postSolution
		{BFB0CE0E-FF99-49DE-9D3D-464422FA3A6C}.Debug|Any CPU.ActiveCfg = Debug|Any CPU
		{BFB0CE0E-FF99-49DE-9D3D-464422FA3A6C}.Debug|Any CPU.Build.0 = Debug|Any CPU
		{BFB0CE0E-FF99-49DE-9D3D-464422FA3A6C}.Release|Any CPU.ActiveCfg = Release|Any CPU
		{BFB0CE0E-FF99-49DE-9D3D-464422FA3A6C}.Release|Any CPU.Build.0 = Release|Any CPU
	EndGlobalSection
	GlobalSection(SolutionProperties) = preSolution
		HideSolutionNode = FALSE
	EndGlobalSection
	GlobalSection(ExtensibilityGlobals) = postSolution
		SolutionGuid = {DC529649-BEA8-48CB-B7F8-919321EBB187}
	EndGlobalSection
EndGlobal
